
Microsoft Visual Studio Solution File, Format Version 12.00
# Visual Studio Version 16
VisualStudioVersion = 16.0.30717.126
MinimumVisualStudioVersion = 10.0.40219.1
Project("{FAE04EC0-301F-11D3-BF4B-00C04F79EFBC}") = "MinecraftCommandHelper", "MinecraftCommandHelper.csproj", "{8C921A01-1BC0-4993-8A4C-C52FA6ECDD9B}"
EndProject
Global
	GlobalSection(SolutionConfigurationPlatforms) = preSolution
		Debug|Any CPU = Debug|Any CPU
		Release|Any CPU = Release|Any CPU
	EndGlobalSection
	GlobalSection(ProjectConfigurationPlatforms) = postSolution
		{8C921A01-1BC0-4993-8A4C-C52FA6ECDD9B}.Debug|Any CPU.ActiveCfg = Debug|Any CPU
		{8C921A01-1BC0-4993-8A4C-C52FA6ECDD9B}.Debug|Any CPU.Build.0 = Debug|Any CPU
		{8C921A01-1BC0-4993-8A4C-C52FA6ECDD9B}.Release|Any CPU.ActiveCfg = Release|Any CPU
		{8C921A01-1BC0-4993-8A4C-C52FA6ECDD9B}.Release|Any CPU.Build.0 = Release|Any CPU
	EndGlobalSection
	GlobalSection(SolutionProperties) = preSolution
		HideSolutionNode = FALSE
	EndGlobalSection
	GlobalSection(ExtensibilityGlobals) = postSolution
		SolutionGuid = {B61655F5-07C5-421A-B904-79E29FCC3559}
	EndGlobalSection
EndGlobal
